
Microsoft Visual Studio Solution File, Format Version 12.00
# Visual Studio Version 16
VisualStudioVersion = 16.0.29709.97
MinimumVisualStudioVersion = 10.0.40219.1
Project("{9A19103F-16F7-4668-BE54-9A1E7A4F7556}") = "EkspertBooker.WebAPI", "EkspertBooker\EkspertBooker.WebAPI.csproj", "{DBECCC62-AC90-47AC-98DC-99E5944950AA}"
EndProject
Project("{9A19103F-16F7-4668-BE54-9A1E7A4F7556}") = "EkspertBooker.Model", "EkspertBooker.Model\EkspertBooker.Model.csproj", "{7D2B382E-CAF7-46D8-9C2C-16AFB6D7D522}"
EndProject
Project("{2150E333-8FDC-42A3-9474-1A3956D46DE8}") = "UI", "UI", "{61123FB4-1E6E-4DD3-BFD0-4E71568FF630}"
EndProject
Project("{FAE04EC0-301F-11D3-BF4B-00C04F79EFBC}") = "EkspertBooker.DesktopAppUI", "EkspertBooker.DesktopAppUI\EkspertBooker.DesktopAppUI.csproj", "{78658C24-CCE4-4EC7-9FBE-ADC094F8FC0B}"
EndProject
Project("{FAE04EC0-301F-11D3-BF4B-00C04F79EFBC}") = "EkspertBookerMobileApp.UWP", "EkspertBookerMobileApp\EkspertBookerMobileApp.UWP\EkspertBookerMobileApp.UWP.csproj", "{97DF004B-B4FD-4D24-BBD8-F99A617A5AE9}"
EndProject
Project("{FAE04EC0-301F-11D3-BF4B-00C04F79EFBC}") = "EkspertBookerMobileApp.Android", "EkspertBookerMobileApp\EkspertBookerMobileApp.Android\EkspertBookerMobileApp.Android.csproj", "{519CC3FC-021E-4FC1-B9B5-99AB8923B77B}"
EndProject
Project("{FAE04EC0-301F-11D3-BF4B-00C04F79EFBC}") = "EkspertBookerMobileApp.iOS", "EkspertBookerMobileApp\EkspertBookerMobileApp.iOS\EkspertBookerMobileApp.iOS.csproj", "{162F4589-269C-40EC-9C60-26DA1800D64C}"
EndProject
Project("{9A19103F-16F7-4668-BE54-9A1E7A4F7556}") = "EkspertBookerMobileApp", "EkspertBookerMobileApp\EkspertBookerMobileApp\EkspertBookerMobileApp.csproj", "{FD9601B9-082A-490B-B1C5-C8133DB2A9D8}"
EndProject
Project("{2150E333-8FDC-42A3-9474-1A3956D46DE8}") = "Mobile", "Mobile", "{D42FA623-EB03-4A03-BFD7-62FEE532EE28}"
EndProject
Global
	GlobalSection(SolutionConfigurationPlatforms) = preSolution
		Debug|Any CPU = Debug|Any CPU
		Debug|ARM = Debug|ARM
		Debug|iPhone = Debug|iPhone
		Debug|iPhoneSimulator = Debug|iPhoneSimulator
		Debug|x64 = Debug|x64
		Debug|x86 = Debug|x86
		Release|Any CPU = Release|Any CPU
		Release|ARM = Release|ARM
		Release|iPhone = Release|iPhone
		Release|iPhoneSimulator = Release|iPhoneSimulator
		Release|x64 = Release|x64
		Release|x86 = Release|x86
	EndGlobalSection
	GlobalSection(ProjectConfigurationPlatforms) = postSolution
		{DBECCC62-AC90-47AC-98DC-99E5944950AA}.Debug|Any CPU.ActiveCfg = Debug|Any CPU
		{DBECCC62-AC90-47AC-98DC-99E5944950AA}.Debug|Any CPU.Build.0 = Debug|Any CPU
		{DBECCC62-AC90-47AC-98DC-99E5944950AA}.Debug|ARM.ActiveCfg = Debug|Any CPU
		{DBECCC62-AC90-47AC-98DC-99E5944950AA}.Debug|ARM.Build.0 = Debug|Any CPU
		{DBECCC62-AC90-47AC-98DC-99E5944950AA}.Debug|iPhone.ActiveCfg = Debug|Any CPU
		{DBECCC62-AC90-47AC-98DC-99E5944950AA}.Debug|iPhone.Build.0 = Debug|Any CPU
		{DBECCC62-AC90-47AC-98DC-99E5944950AA}.Debug|iPhoneSimulator.ActiveCfg = Debug|Any CPU
		{DBECCC62-AC90-47AC-98DC-99E5944950AA}.Debug|iPhoneSimulator.Build.0 = Debug|Any CPU
		{DBECCC62-AC90-47AC-98DC-99E5944950AA}.Debug|x64.ActiveCfg = Debug|Any CPU
		{DBECCC62-AC90-47AC-98DC-99E5944950AA}.Debug|x64.Build.0 = Debug|Any CPU
		{DBECCC62-AC90-47AC-98DC-99E5944950AA}.Debug|x86.ActiveCfg = Debug|Any CPU
		{DBECCC62-AC90-47AC-98DC-99E5944950AA}.Debug|x86.Build.0 = Debug|Any CPU
		{DBECCC62-AC90-47AC-98DC-99E5944950AA}.Release|Any CPU.ActiveCfg = Release|Any CPU
		{DBECCC62-AC90-47AC-98DC-99E5944950AA}.Release|Any CPU.Build.0 = Release|Any CPU
		{DBECCC62-AC90-47AC-98DC-99E5944950AA}.Release|ARM.ActiveCfg = Release|Any CPU
		{DBECCC62-AC90-47AC-98DC-99E5944950AA}.Release|ARM.Build.0 = Release|Any CPU
		{DBECCC62-AC90-47AC-98DC-99E5944950AA}.Release|iPhone.ActiveCfg = Release|Any CPU
		{DBECCC62-AC90-47AC-98DC-99E5944950AA}.Release|iPhone.Build.0 = Release|Any CPU
		{DBECCC62-AC90-47AC-98DC-99E5944950AA}.Release|iPhoneSimulator.ActiveCfg = Release|Any CPU
		{DBECCC62-AC90-47AC-98DC-99E5944950AA}.Release|iPhoneSimulator.Build.0 = Release|Any CPU
		{DBECCC62-AC90-47AC-98DC-99E5944950AA}.Release|x64.ActiveCfg = Release|Any CPU
		{DBECCC62-AC90-47AC-98DC-99E5944950AA}.Release|x64.Build.0 = Release|Any CPU
		{DBECCC62-AC90-47AC-98DC-99E5944950AA}.Release|x86.ActiveCfg = Release|Any CPU
		{DBECCC62-AC90-47AC-98DC-99E5944950AA}.Release|x86.Build.0 = Release|Any CPU
		{7D2B382E-CAF7-46D8-9C2C-16AFB6D7D522}.Debug|Any CPU.ActiveCfg = Debug|Any CPU
		{7D2B382E-CAF7-46D8-9C2C-16AFB6D7D522}.Debug|Any CPU.Build.0 = Debug|Any CPU
		{7D2B382E-CAF7-46D8-9C2C-16AFB6D7D522}.Debug|ARM.ActiveCfg = Debug|Any CPU
		{7D2B382E-CAF7-46D8-9C2C-16AFB6D7D522}.Debug|ARM.Build.0 = Debug|Any CPU
		{7D2B382E-CAF7-46D8-9C2C-16AFB6D7D522}.Debug|iPhone.ActiveCfg = Debug|Any CPU
		{7D2B382E-CAF7-46D8-9C2C-16AFB6D7D522}.Debug|iPhone.Build.0 = Debug|Any CPU
		{7D2B382E-CAF7-46D8-9C2C-16AFB6D7D522}.Debug|iPhoneSimulator.ActiveCfg = Debug|Any CPU
		{7D2B382E-CAF7-46D8-9C2C-16AFB6D7D522}.Debug|iPhoneSimulator.Build.0 = Debug|Any CPU
		{7D2B382E-CAF7-46D8-9C2C-16AFB6D7D522}.Debug|x64.ActiveCfg = Debug|Any CPU
		{7D2B382E-CAF7-46D8-9C2C-16AFB6D7D522}.Debug|x64.Build.0 = Debug|Any CPU
		{7D2B382E-CAF7-46D8-9C2C-16AFB6D7D522}.Debug|x86.ActiveCfg = Debug|Any CPU
		{7D2B382E-CAF7-46D8-9C2C-16AFB6D7D522}.Debug|x86.Build.0 = Debug|Any CPU
		{7D2B382E-CAF7-46D8-9C2C-16AFB6D7D522}.Release|Any CPU.ActiveCfg = Release|Any CPU
		{7D2B382E-CAF7-46D8-9C2C-16AFB6D7D522}.Release|Any CPU.Build.0 = Release|Any CPU
		{7D2B382E-CAF7-46D8-9C2C-16AFB6D7D522}.Release|ARM.ActiveCfg = Release|Any CPU
		{7D2B382E-CAF7-46D8-9C2C-16AFB6D7D522}.Release|ARM.Build.0 = Release|Any CPU
		{7D2B382E-CAF7-46D8-9C2C-16AFB6D7D522}.Release|iPhone.ActiveCfg = Release|Any CPU
		{7D2B382E-CAF7-46D8-9C2C-16AFB6D7D522}.Release|iPhone.Build.0 = Release|Any CPU
		{7D2B382E-CAF7-46D8-9C2C-16AFB6D7D522}.Release|iPhoneSimulator.ActiveCfg = Release|Any CPU
		{7D2B382E-CAF7-46D8-9C2C-16AFB6D7D522}.Release|iPhoneSimulator.Build.0 = Release|Any CPU
		{7D2B382E-CAF7-46D8-9C2C-16AFB6D7D522}.Release|x64.ActiveCfg = Release|Any CPU
		{7D2B382E-CAF7-46D8-9C2C-16AFB6D7D522}.Release|x64.Build.0 = Release|Any CPU
		{7D2B382E-CAF7-46D8-9C2C-16AFB6D7D522}.Release|x86.ActiveCfg = Release|Any CPU
		{7D2B382E-CAF7-46D8-9C2C-16AFB6D7D522}.Release|x86.Build.0 = Release|Any CPU
		{78658C24-CCE4-4EC7-9FBE-ADC094F8FC0B}.Debug|Any CPU.ActiveCfg = Debug|Any CPU
		{78658C24-CCE4-4EC7-9FBE-ADC094F8FC0B}.Debug|Any CPU.Build.0 = Debug|Any CPU
		{78658C24-CCE4-4EC7-9FBE-ADC094F8FC0B}.Debug|ARM.ActiveCfg = Debug|Any CPU
		{78658C24-CCE4-4EC7-9FBE-ADC094F8FC0B}.Debug|ARM.Build.0 = Debug|Any CPU
		{78658C24-CCE4-4EC7-9FBE-ADC094F8FC0B}.Debug|iPhone.ActiveCfg = Debug|Any CPU
		{78658C24-CCE4-4EC7-9FBE-ADC094F8FC0B}.Debug|iPhone.Build.0 = Debug|Any CPU
		{78658C24-CCE4-4EC7-9FBE-ADC094F8FC0B}.Debug|iPhoneSimulator.ActiveCfg = Debug|Any CPU
		{78658C24-CCE4-4EC7-9FBE-ADC094F8FC0B}.Debug|iPhoneSimulator.Build.0 = Debug|Any CPU
		{78658C24-CCE4-4EC7-9FBE-ADC094F8FC0B}.Debug|x64.ActiveCfg = Debug|Any CPU
		{78658C24-CCE4-4EC7-9FBE-ADC094F8FC0B}.Debug|x64.Build.0 = Debug|Any CPU
		{78658C24-CCE4-4EC7-9FBE-ADC094F8FC0B}.Debug|x86.ActiveCfg = Debug|Any CPU
		{78658C24-CCE4-4EC7-9FBE-ADC094F8FC0B}.Debug|x86.Build.0 = Debug|Any CPU
		{78658C24-CCE4-4EC7-9FBE-ADC094F8FC0B}.Release|Any CPU.ActiveCfg = Release|Any CPU
		{78658C24-CCE4-4EC7-9FBE-ADC094F8FC0B}.Release|Any CPU.Build.0 = Release|Any CPU
		{78658C24-CCE4-4EC7-9FBE-ADC094F8FC0B}.Release|ARM.ActiveCfg = Release|Any CPU
		{78658C24-CCE4-4EC7-9FBE-ADC094F8FC0B}.Release|ARM.Build.0 = Release|Any CPU
		{78658C24-CCE4-4EC7-9FBE-ADC094F8FC0B}.Release|iPhone.ActiveCfg = Release|Any CPU
		{78658C24-CCE4-4EC7-9FBE-ADC094F8FC0B}.Release|iPhone.Build.0 = Release|Any CPU
		{78658C24-CCE4-4EC7-9FBE-ADC094F8FC0B}.Release|iPhoneSimulator.ActiveCfg = Release|Any CPU
		{78658C24-CCE4-4EC7-9FBE-ADC094F8FC0B}.Release|iPhoneSimulator.Build.0 = Release|Any CPU
		{78658C24-CCE4-4EC7-9FBE-ADC094F8FC0B}.Release|x64.ActiveCfg = Release|Any CPU
		{78658C24-CCE4-4EC7-9FBE-ADC094F8FC0B}.Release|x64.Build.0 = Release|Any CPU
		{78658C24-CCE4-4EC7-9FBE-ADC094F8FC0B}.Release|x86.ActiveCfg = Release|Any CPU
		{78658C24-CCE4-4EC7-9FBE-ADC094F8FC0B}.Release|x86.Build.0 = Release|Any CPU
		{97DF004B-B4FD-4D24-BBD8-F99A617A5AE9}.Debug|Any CPU.ActiveCfg = Debug|x86
		{97DF004B-B4FD-4D24-BBD8-F99A617A5AE9}.Debug|ARM.ActiveCfg = Debug|ARM
		{97DF004B-B4FD-4D24-BBD8-F99A617A5AE9}.Debug|ARM.Build.0 = Debug|ARM
		{97DF004B-B4FD-4D24-BBD8-F99A617A5AE9}.Debug|ARM.Deploy.0 = Debug|ARM
		{97DF004B-B4FD-4D24-BBD8-F99A617A5AE9}.Debug|iPhone.ActiveCfg = Debug|x86
		{97DF004B-B4FD-4D24-BBD8-F99A617A5AE9}.Debug|iPhoneSimulator.ActiveCfg = Debug|x86
		{97DF004B-B4FD-4D24-BBD8-F99A617A5AE9}.Debug|x64.ActiveCfg = Debug|x64
		{97DF004B-B4FD-4D24-BBD8-F99A617A5AE9}.Debug|x64.Build.0 = Debug|x64
		{97DF004B-B4FD-4D24-BBD8-F99A617A5AE9}.Debug|x64.Deploy.0 = Debug|x64
		{97DF004B-B4FD-4D24-BBD8-F99A617A5AE9}.Debug|x86.ActiveCfg = Debug|x86
		{97DF004B-B4FD-4D24-BBD8-F99A617A5AE9}.Debug|x86.Build.0 = Debug|x86
		{97DF004B-B4FD-4D24-BBD8-F99A617A5AE9}.Debug|x86.Deploy.0 = Debug|x86
		{97DF004B-B4FD-4D24-BBD8-F99A617A5AE9}.Release|Any CPU.ActiveCfg = Release|x86
		{97DF004B-B4FD-4D24-BBD8-F99A617A5AE9}.Release|ARM.ActiveCfg = Release|ARM
		{97DF004B-B4FD-4D24-BBD8-F99A617A5AE9}.Release|ARM.Build.0 = Release|ARM
		{97DF004B-B4FD-4D24-BBD8-F99A617A5AE9}.Release|ARM.Deploy.0 = Release|ARM
		{97DF004B-B4FD-4D24-BBD8-F99A617A5AE9}.Release|iPhone.ActiveCfg = Release|x86
		{97DF004B-B4FD-4D24-BBD8-F99A617A5AE9}.Release|iPhoneSimulator.ActiveCfg = Release|x86
		{97DF004B-B4FD-4D24-BBD8-F99A617A5AE9}.Release|x64.ActiveCfg = Release|x64
		{97DF004B-B4FD-4D24-BBD8-F99A617A5AE9}.Release|x64.Build.0 = Release|x64
		{97DF004B-B4FD-4D24-BBD8-F99A617A5AE9}.Release|x64.Deploy.0 = Release|x64
		{97DF004B-B4FD-4D24-BBD8-F99A617A5AE9}.Release|x86.ActiveCfg = Release|x86
		{97DF004B-B4FD-4D24-BBD8-F99A617A5AE9}.Release|x86.Build.0 = Release|x86
		{97DF004B-B4FD-4D24-BBD8-F99A617A5AE9}.Release|x86.Deploy.0 = Release|x86
		{519CC3FC-021E-4FC1-B9B5-99AB8923B77B}.Debug|Any CPU.ActiveCfg = Debug|Any CPU
		{519CC3FC-021E-4FC1-B9B5-99AB8923B77B}.Debug|Any CPU.Build.0 = Debug|Any CPU
		{519CC3FC-021E-4FC1-B9B5-99AB8923B77B}.Debug|Any CPU.Deploy.0 = Debug|Any CPU
		{519CC3FC-021E-4FC1-B9B5-99AB8923B77B}.Debug|ARM.ActiveCfg = Debug|Any CPU
		{519CC3FC-021E-4FC1-B9B5-99AB8923B77B}.Debug|ARM.Build.0 = Debug|Any CPU
		{519CC3FC-021E-4FC1-B9B5-99AB8923B77B}.Debug|ARM.Deploy.0 = Debug|Any CPU
		{519CC3FC-021E-4FC1-B9B5-99AB8923B77B}.Debug|iPhone.ActiveCfg = Debug|Any CPU
		{519CC3FC-021E-4FC1-B9B5-99AB8923B77B}.Debug|iPhone.Build.0 = Debug|Any CPU
		{519CC3FC-021E-4FC1-B9B5-99AB8923B77B}.Debug|iPhone.Deploy.0 = Debug|Any CPU
		{519CC3FC-021E-4FC1-B9B5-99AB8923B77B}.Debug|iPhoneSimulator.ActiveCfg = Debug|Any CPU
		{519CC3FC-021E-4FC1-B9B5-99AB8923B77B}.Debug|iPhoneSimulator.Build.0 = Debug|Any CPU
		{519CC3FC-021E-4FC1-B9B5-99AB8923B77B}.Debug|iPhoneSimulator.Deploy.0 = Debug|Any CPU
		{519CC3FC-021E-4FC1-B9B5-99AB8923B77B}.Debug|x64.ActiveCfg = Debug|Any CPU
		{519CC3FC-021E-4FC1-B9B5-99AB8923B77B}.Debug|x64.Build.0 = Debug|Any CPU
		{519CC3FC-021E-4FC1-B9B5-99AB8923B77B}.Debug|x64.Deploy.0 = Debug|Any CPU
		{519CC3FC-021E-4FC1-B9B5-99AB8923B77B}.Debug|x86.ActiveCfg = Debug|Any CPU
		{519CC3FC-021E-4FC1-B9B5-99AB8923B77B}.Debug|x86.Build.0 = Debug|Any CPU
		{519CC3FC-021E-4FC1-B9B5-99AB8923B77B}.Debug|x86.Deploy.0 = Debug|Any CPU
		{519CC3FC-021E-4FC1-B9B5-99AB8923B77B}.Release|Any CPU.ActiveCfg = Release|Any CPU
		{519CC3FC-021E-4FC1-B9B5-99AB8923B77B}.Release|Any CPU.Build.0 = Release|Any CPU
		{519CC3FC-021E-4FC1-B9B5-99AB8923B77B}.Release|Any CPU.Deploy.0 = Release|Any CPU
		{519CC3FC-021E-4FC1-B9B5-99AB8923B77B}.Release|ARM.ActiveCfg = Release|Any CPU
		{519CC3FC-021E-4FC1-B9B5-99AB8923B77B}.Release|ARM.Build.0 = Release|Any CPU
		{519CC3FC-021E-4FC1-B9B5-99AB8923B77B}.Release|ARM.Deploy.0 = Release|Any CPU
		{519CC3FC-021E-4FC1-B9B5-99AB8923B77B}.Release|iPhone.ActiveCfg = Release|Any CPU
		{519CC3FC-021E-4FC1-B9B5-99AB8923B77B}.Release|iPhone.Build.0 = Release|Any CPU
		{519CC3FC-021E-4FC1-B9B5-99AB8923B77B}.Release|iPhone.Deploy.0 = Release|Any CPU
		{519CC3FC-021E-4FC1-B9B5-99AB8923B77B}.Release|iPhoneSimulator.ActiveCfg = Release|Any CPU
		{519CC3FC-021E-4FC1-B9B5-99AB8923B77B}.Release|iPhoneSimulator.Build.0 = Release|Any CPU
		{519CC3FC-021E-4FC1-B9B5-99AB8923B77B}.Release|iPhoneSimulator.Deploy.0 = Release|Any CPU
		{519CC3FC-021E-4FC1-B9B5-99AB8923B77B}.Release|x64.ActiveCfg = Release|Any CPU
		{519CC3FC-021E-4FC1-B9B5-99AB8923B77B}.Release|x64.Build.0 = Release|Any CPU
		{519CC3FC-021E-4FC1-B9B5-99AB8923B77B}.Release|x64.Deploy.0 = Release|Any CPU
		{519CC3FC-021E-4FC1-B9B5-99AB8923B77B}.Release|x86.ActiveCfg = Release|Any CPU
		{519CC3FC-021E-4FC1-B9B5-99AB8923B77B}.Release|x86.Build.0 = Release|Any CPU
		{519CC3FC-021E-4FC1-B9B5-99AB8923B77B}.Release|x86.Deploy.0 = Release|Any CPU
		{162F4589-269C-40EC-9C60-26DA1800D64C}.Debug|Any CPU.ActiveCfg = Debug|iPhone
		{162F4589-269C-40EC-9C60-26DA1800D64C}.Debug|ARM.ActiveCfg = Debug|iPhone
		{162F4589-269C-40EC-9C60-26DA1800D64C}.Debug|iPhone.ActiveCfg = Debug|iPhone
		{162F4589-269C-40EC-9C60-26DA1800D64C}.Debug|iPhone.Build.0 = Debug|iPhone
		{162F4589-269C-40EC-9C60-26DA1800D64C}.Debug|iPhoneSimulator.ActiveCfg = Debug|iPhoneSimulator
		{162F4589-269C-40EC-9C60-26DA1800D64C}.Debug|iPhoneSimulator.Build.0 = Debug|iPhoneSimulator
		{162F4589-269C-40EC-9C60-26DA1800D64C}.Debug|x64.ActiveCfg = Debug|iPhone
		{162F4589-269C-40EC-9C60-26DA1800D64C}.Debug|x86.ActiveCfg = Debug|iPhone
		{162F4589-269C-40EC-9C60-26DA1800D64C}.Release|Any CPU.ActiveCfg = Release|iPhone
		{162F4589-269C-40EC-9C60-26DA1800D64C}.Release|ARM.ActiveCfg = Release|iPhone
		{162F4589-269C-40EC-9C60-26DA1800D64C}.Release|iPhone.ActiveCfg = Release|iPhone
		{162F4589-269C-40EC-9C60-26DA1800D64C}.Release|iPhone.Build.0 = Release|iPhone
		{162F4589-269C-40EC-9C60-26DA1800D64C}.Release|iPhoneSimulator.ActiveCfg = Release|iPhoneSimulator
		{162F4589-269C-40EC-9C60-26DA1800D64C}.Release|iPhoneSimulator.Build.0 = Release|iPhoneSimulator
		{162F4589-269C-40EC-9C60-26DA1800D64C}.Release|x64.ActiveCfg = Release|iPhone
		{162F4589-269C-40EC-9C60-26DA1800D64C}.Release|x86.ActiveCfg = Release|iPhone
		{FD9601B9-082A-490B-B1C5-C8133DB2A9D8}.Debug|Any CPU.ActiveCfg = Debug|Any CPU
		{FD9601B9-082A-490B-B1C5-C8133DB2A9D8}.Debug|Any CPU.Build.0 = Debug|Any CPU
		{FD9601B9-082A-490B-B1C5-C8133DB2A9D8}.Debug|ARM.ActiveCfg = Debug|Any CPU
		{FD9601B9-082A-490B-B1C5-C8133DB2A9D8}.Debug|ARM.Build.0 = Debug|Any CPU
		{FD9601B9-082A-490B-B1C5-C8133DB2A9D8}.Debug|iPhone.ActiveCfg = Debug|Any CPU
		{FD9601B9-082A-490B-B1C5-C8133DB2A9D8}.Debug|iPhone.Build.0 = Debug|Any CPU
		{FD9601B9-082A-490B-B1C5-C8133DB2A9D8}.Debug|iPhoneSimulator.ActiveCfg = Debug|Any CPU
		{FD9601B9-082A-490B-B1C5-C8133DB2A9D8}.Debug|iPhoneSimulator.Build.0 = Debug|Any CPU
		{FD9601B9-082A-490B-B1C5-C8133DB2A9D8}.Debug|x64.ActiveCfg = Debug|Any CPU
		{FD9601B9-082A-490B-B1C5-C8133DB2A9D8}.Debug|x64.Build.0 = Debug|Any CPU
		{FD9601B9-082A-490B-B1C5-C8133DB2A9D8}.Debug|x86.ActiveCfg = Debug|Any CPU
		{FD9601B9-082A-490B-B1C5-C8133DB2A9D8}.Debug|x86.Build.0 = Debug|Any CPU
		{FD9601B9-082A-490B-B1C5-C8133DB2A9D8}.Release|Any CPU.ActiveCfg = Release|Any CPU
		{FD9601B9-082A-490B-B1C5-C8133DB2A9D8}.Release|Any CPU.Build.0 = Release|Any CPU
		{FD9601B9-082A-490B-B1C5-C8133DB2A9D8}.Release|ARM.ActiveCfg = Release|Any CPU
		{FD9601B9-082A-490B-B1C5-C8133DB2A9D8}.Release|ARM.Build.0 = Release|Any CPU
		{FD9601B9-082A-490B-B1C5-C8133DB2A9D8}.Release|iPhone.ActiveCfg = Release|Any CPU
		{FD9601B9-082A-490B-B1C5-C8133DB2A9D8}.Release|iPhone.Build.0 = Release|Any CPU
		{FD9601B9-082A-490B-B1C5-C8133DB2A9D8}.Release|iPhoneSimulator.ActiveCfg = Release|Any CPU
		{FD9601B9-082A-490B-B1C5-C8133DB2A9D8}.Release|iPhoneSimulator.Build.0 = Release|Any CPU
		{FD9601B9-082A-490B-B1C5-C8133DB2A9D8}.Release|x64.ActiveCfg = Release|Any CPU
		{FD9601B9-082A-490B-B1C5-C8133DB2A9D8}.Release|x64.Build.0 = Release|Any CPU
		{FD9601B9-082A-490B-B1C5-C8133DB2A9D8}.Release|x86.ActiveCfg = Release|Any CPU
		{FD9601B9-082A-490B-B1C5-C8133DB2A9D8}.Release|x86.Build.0 = Release|Any CPU
	EndGlobalSection
	GlobalSection(SolutionProperties) = preSolution
		HideSolutionNode = FALSE
	EndGlobalSection
	GlobalSection(NestedProjects) = preSolution
		{78658C24-CCE4-4EC7-9FBE-ADC094F8FC0B} = {61123FB4-1E6E-4DD3-BFD0-4E71568FF630}
		{97DF004B-B4FD-4D24-BBD8-F99A617A5AE9} = {D42FA623-EB03-4A03-BFD7-62FEE532EE28}
		{519CC3FC-021E-4FC1-B9B5-99AB8923B77B} = {D42FA623-EB03-4A03-BFD7-62FEE532EE28}
		{162F4589-269C-40EC-9C60-26DA1800D64C} = {D42FA623-EB03-4A03-BFD7-62FEE532EE28}
		{D42FA623-EB03-4A03-BFD7-62FEE532EE28} = {61123FB4-1E6E-4DD3-BFD0-4E71568FF630}
	EndGlobalSection
	GlobalSection(ExtensibilityGlobals) = postSolution
		SolutionGuid = {BD238958-22E2-41EE-9B0A-B82F9BC14D08}
	EndGlobalSection
EndGlobal
